
Microsoft Visual Studio Solution File, Format Version 12.00
# Visual Studio Version 16
VisualStudioVersion = 16.0.29324.140
MinimumVisualStudioVersion = 10.0.40219.1
Project("{8BC9CEB8-8B4A-11D0-8D11-00A0C91BC942}") = "Invaders", "Invaders.vcxproj", "{08CF0EA4-5C0C-49D3-82D4-C330469CF691}"
EndProject
Global
	GlobalSection(SolutionConfigurationPlatforms) = preSolution
		Debug|x86 = Debug|x86
		Release|x86 = Release|x86
	EndGlobalSection
	GlobalSection(ProjectConfigurationPlatforms) = postSolution
		{08CF0EA4-5C0C-49D3-82D4-C330469CF691}.Debug|x86.ActiveCfg = Debug|Win32
		{08CF0EA4-5C0C-49D3-82D4-C330469CF691}.Debug|x86.Build.0 = Debug|Win32
		{08CF0EA4-5C0C-49D3-82D4-C330469CF691}.Release|x86.ActiveCfg = Release|Win32
		{08CF0EA4-5C0C-49D3-82D4-C330469CF691}.Release|x86.Build.0 = Release|Win32
	EndGlobalSection
	GlobalSection(SolutionProperties) = preSolution
		HideSolutionNode = FALSE
	EndGlobalSection
	GlobalSection(ExtensibilityGlobals) = postSolution
		SolutionGuid = {A46C8808-CA96-4E12-9AAE-A2A4C6491168}
	EndGlobalSection
EndGlobal
